// !$*UTF8*$!
{
	archiveVersion = 1;
	classes = {
	};
	objectVersion = 56;
	objects = {

/* Begin PBXBuildFile section */
		C112E1702BB4954900F5C951 /* TrackImage.swift in Sources */ = {isa = PBXBuildFile; fileRef = C112E16F2BB4954900F5C951 /* TrackImage.swift */; };
		C112E18C2BB5922700F5C951 /* ImagePreviewView.swift in Sources */ = {isa = PBXBuildFile; fileRef = C112E18B2BB5922700F5C951 /* ImagePreviewView.swift */; };
		C112E18E2BB5A1C300F5C951 /* ImagePreviewViewModel.swift in Sources */ = {isa = PBXBuildFile; fileRef = C112E18D2BB5A1C300F5C951 /* ImagePreviewViewModel.swift */; };
		C1CF64842BB32FE600065410 /* facedetectorApp.swift in Sources */ = {isa = PBXBuildFile; fileRef = C1CF64832BB32FE600065410 /* facedetectorApp.swift */; };
		C1CF64862BB32FE600065410 /* SelectorView.swift in Sources */ = {isa = PBXBuildFile; fileRef = C1CF64852BB32FE600065410 /* SelectorView.swift */; };
		C1CF64882BB32FE900065410 /* Assets.xcassets in Resources */ = {isa = PBXBuildFile; fileRef = C1CF64872BB32FE900065410 /* Assets.xcassets */; };
		C1CF648B2BB32FE900065410 /* Preview Assets.xcassets in Resources */ = {isa = PBXBuildFile; fileRef = C1CF648A2BB32FE900065410 /* Preview Assets.xcassets */; };
/* End PBXBuildFile section */

/* Begin PBXFileReference section */
		C112E16F2BB4954900F5C951 /* TrackImage.swift */ = {isa = PBXFileReference; lastKnownFileType = sourcecode.swift; path = TrackImage.swift; sourceTree = "<group>"; };
		C112E18B2BB5922700F5C951 /* ImagePreviewView.swift */ = {isa = PBXFileReference; lastKnownFileType = sourcecode.swift; path = ImagePreviewView.swift; sourceTree = "<group>"; };
		C112E18D2BB5A1C300F5C951 /* ImagePreviewViewModel.swift */ = {isa = PBXFileReference; lastKnownFileType = sourcecode.swift; path = ImagePreviewViewModel.swift; sourceTree = "<group>"; };
		C1CF2B732BB5D04B00909009 /* Info.plist */ = {isa = PBXFileReference; lastKnownFileType = text.plist; path = Info.plist; sourceTree = "<group>"; };
		C1CF64802BB32FE600065410 /* facedetector.app */ = {isa = PBXFileReference; explicitFileType = wrapper.application; includeInIndex = 0; path = facedetector.app; sourceTree = BUILT_PRODUCTS_DIR; };
		C1CF64832BB32FE600065410 /* facedetectorApp.swift */ = {isa = PBXFileReference; lastKnownFileType = sourcecode.swift; path = facedetectorApp.swift; sourceTree = "<group>"; };
		C1CF64852BB32FE600065410 /* SelectorView.swift */ = {isa = PBXFileReference; lastKnownFileType = sourcecode.swift; path = SelectorView.swift; sourceTree = "<group>"; };
		C1CF64872BB32FE900065410 /* Assets.xcassets */ = {isa = PBXFileReference; lastKnownFileType = folder.assetcatalog; path = Assets.xcassets; sourceTree = "<group>"; };
		C1CF648A2BB32FE900065410 /* Preview Assets.xcassets */ = {isa = PBXFileReference; lastKnownFileType = folder.assetcatalog; path = "Preview Assets.xcassets"; sourceTree = "<group>"; };
/* End PBXFileReference section */

/* Begin PBXFrameworksBuildPhase section */
		C1CF647D2BB32FE600065410 /* Frameworks */ = {
			isa = PBXFrameworksBuildPhase;
			buildActionMask = 2147483647;
			files = (
			);
			runOnlyForDeploymentPostprocessing = 0;
		};
/* End PBXFrameworksBuildPhase section */

/* Begin PBXGroup section */
		C112E16E2BB4953600F5C951 /* Image */ = {
			isa = PBXGroup;
			children = (
				C112E16F2BB4954900F5C951 /* TrackImage.swift */,
			);
			path = Image;
			sourceTree = "<group>";
		};
		C112E1712BB4966900F5C951 /* presentation */ = {
			isa = PBXGroup;
			children = (
				C112E1732BB4967300F5C951 /* module */,
				C112E1722BB4966F00F5C951 /* app */,
			);
			path = presentation;
			sourceTree = "<group>";
		};
		C112E1722BB4966F00F5C951 /* app */ = {
			isa = PBXGroup;
			children = (
				C1CF64832BB32FE600065410 /* facedetectorApp.swift */,
			);
			path = app;
			sourceTree = "<group>";
		};
		C112E1732BB4967300F5C951 /* module */ = {
			isa = PBXGroup;
			children = (
				C112E18A2BB5921300F5C951 /* image */,
				C112E1742BB4967700F5C951 /* selector */,
			);
			path = module;
			sourceTree = "<group>";
		};
		C112E1742BB4967700F5C951 /* selector */ = {
			isa = PBXGroup;
			children = (
				C1CF64852BB32FE600065410 /* SelectorView.swift */,
			);
			path = selector;
			sourceTree = "<group>";
		};
		C112E18A2BB5921300F5C951 /* image */ = {
			isa = PBXGroup;
			children = (
				C112E18B2BB5922700F5C951 /* ImagePreviewView.swift */,
				C112E18D2BB5A1C300F5C951 /* ImagePreviewViewModel.swift */,
			);
			path = image;
			sourceTree = "<group>";
		};
		C1CF64772BB32FE600065410 = {
			isa = PBXGroup;
			children = (
				C1CF64822BB32FE600065410 /* facedetector */,
				C1CF64812BB32FE600065410 /* Products */,
			);
			sourceTree = "<group>";
		};
		C1CF64812BB32FE600065410 /* Products */ = {
			isa = PBXGroup;
			children = (
				C1CF64802BB32FE600065410 /* facedetector.app */,
			);
			name = Products;
			sourceTree = "<group>";
		};
		C1CF64822BB32FE600065410 /* facedetector */ = {
			isa = PBXGroup;
			children = (
				C1CF2B732BB5D04B00909009 /* Info.plist */,
				C112E1712BB4966900F5C951 /* presentation */,
				C112E16E2BB4953600F5C951 /* Image */,
				C1CF64872BB32FE900065410 /* Assets.xcassets */,
				C1CF64892BB32FE900065410 /* Preview Content */,
			);
			path = facedetector;
			sourceTree = "<group>";
		};
		C1CF64892BB32FE900065410 /* Preview Content */ = {
			isa = PBXGroup;
			children = (
				C1CF648A2BB32FE900065410 /* Preview Assets.xcassets */,
			);
			path = "Preview Content";
			sourceTree = "<group>";
		};
/* End PBXGroup section */

/* Begin PBXNativeTarget section */
		C1CF647F2BB32FE600065410 /* facedetector */ = {
			isa = PBXNativeTarget;
			buildConfigurationList = C1CF648E2BB32FE900065410 /* Build configuration list for PBXNativeTarget "facedetector" */;
			buildPhases = (
				C1CF647C2BB32FE600065410 /* Sources */,
				C1CF647D2BB32FE600065410 /* Frameworks */,
				C1CF647E2BB32FE600065410 /* Resources */,
			);
			buildRules = (
			);
			dependencies = (
			);
			name = facedetector;
			productName = facedetector;
			productReference = C1CF64802BB32FE600065410 /* facedetector.app */;
			productType = "com.apple.product-type.application";
		};
/* End PBXNativeTarget section */

/* Begin PBXProject section */
		C1CF64782BB32FE600065410 /* Project object */ = {
			isa = PBXProject;
			attributes = {
				BuildIndependentTargetsInParallel = 1;
				LastSwiftUpdateCheck = 1520;
				LastUpgradeCheck = 1520;
				TargetAttributes = {
					C1CF647F2BB32FE600065410 = {
						CreatedOnToolsVersion = 15.2;
					};
				};
			};
			buildConfigurationList = C1CF647B2BB32FE600065410 /* Build configuration list for PBXProject "facedetector" */;
			compatibilityVersion = "Xcode 14.0";
			developmentRegion = en;
			hasScannedForEncodings = 0;
			knownRegions = (
				en,
				Base,
			);
			mainGroup = C1CF64772BB32FE600065410;
			productRefGroup = C1CF64812BB32FE600065410 /* Products */;
			projectDirPath = "";
			projectRoot = "";
			targets = (
				C1CF647F2BB32FE600065410 /* facedetector */,
			);
		};
/* End PBXProject section */

/* Begin PBXResourcesBuildPhase section */
		C1CF647E2BB32FE600065410 /* Resources */ = {
			isa = PBXResourcesBuildPhase;
			buildActionMask = 2147483647;
			files = (
				C1CF648B2BB32FE900065410 /* Preview Assets.xcassets in Resources */,
				C1CF64882BB32FE900065410 /* Assets.xcassets in Resources */,
			);
			runOnlyForDeploymentPostprocessing = 0;
		};
/* End PBXResourcesBuildPhase section */

/* Begin PBXSourcesBuildPhase section */
		C1CF647C2BB32FE600065410 /* Sources */ = {
			isa = PBXSourcesBuildPhase;
			buildActionMask = 2147483647;
			files = (
				C1CF64862BB32FE600065410 /* SelectorView.swift in Sources */,
				C112E18C2BB5922700F5C951 /* ImagePreviewView.swift in Sources */,
				C112E18E2BB5A1C300F5C951 /* ImagePreviewViewModel.swift in Sources */,
				C112E1702BB4954900F5C951 /* TrackImage.swift in Sources */,
				C1CF64842BB32FE600065410 /* facedetectorApp.swift in Sources */,
			);
			runOnlyForDeploymentPostprocessing = 0;
		};
/* End PBXSourcesBuildPhase section */

/* Begin XCBuildConfiguration section */
		C1CF648C2BB32FE900065410 /* Debug */ = {
			isa = XCBuildConfiguration;
			buildSettings = {
				ALWAYS_SEARCH_USER_PATHS = NO;
				ASSETCATALOG_COMPILER_GENERATE_SWIFT_ASSET_SYMBOL_EXTENSIONS = YES;
				CLANG_ANALYZER_NONNULL = YES;
				CLANG_ANALYZER_NUMBER_OBJECT_CONVERSION = YES_AGGRESSIVE;
				CLANG_CXX_LANGUAGE_STANDARD = "gnu++20";
				CLANG_ENABLE_MODULES = YES;
				CLANG_ENABLE_OBJC_ARC = YES;
				CLANG_ENABLE_OBJC_WEAK = YES;
				CLANG_WARN_BLOCK_CAPTURE_AUTORELEASING = YES;
				CLANG_WARN_BOOL_CONVERSION = YES;
				CLANG_WARN_COMMA = YES;
				CLANG_WARN_CONSTANT_CONVERSION = YES;
				CLANG_WARN_DEPRECATED_OBJC_IMPLEMENTATIONS = YES;
				CLANG_WARN_DIRECT_OBJC_ISA_USAGE = YES_ERROR;
				CLANG_WARN_DOCUMENTATION_COMMENTS = YES;
				CLANG_WARN_EMPTY_BODY = YES;
				CLANG_WARN_ENUM_CONVERSION = YES;
				CLANG_WARN_INFINITE_RECURSION = YES;
				CLANG_WARN_INT_CONVERSION = YES;
				CLANG_WARN_NON_LITERAL_NULL_CONVERSION = YES;
				CLANG_WARN_OBJC_IMPLICIT_RETAIN_SELF = YES;
				CLANG_WARN_OBJC_LITERAL_CONVERSION = YES;
				CLANG_WARN_OBJC_ROOT_CLASS = YES_ERROR;
				CLANG_WARN_QUOTED_INCLUDE_IN_FRAMEWORK_HEADER = YES;
				CLANG_WARN_RANGE_LOOP_ANALYSIS = YES;
				CLANG_WARN_STRICT_PROTOTYPES = YES;
				CLANG_WARN_SUSPICIOUS_MOVE = YES;
				CLANG_WARN_UNGUARDED_AVAILABILITY = YES_AGGRESSIVE;
				CLANG_WARN_UNREACHABLE_CODE = YES;
				CLANG_WARN__DUPLICATE_METHOD_MATCH = YES;
				COPY_PHASE_STRIP = NO;
				DEBUG_INFORMATION_FORMAT = dwarf;
				ENABLE_STRICT_OBJC_MSGSEND = YES;
				ENABLE_TESTABILITY = YES;
				ENABLE_USER_SCRIPT_SANDBOXING = YES;
				GCC_C_LANGUAGE_STANDARD = gnu17;
				GCC_DYNAMIC_NO_PIC = NO;
				GCC_NO_COMMON_BLOCKS = YES;
				GCC_OPTIMIZATION_LEVEL = 0;
				GCC_PREPROCESSOR_DEFINITIONS = (
					"DEBUG=1",
					"$(inherited)",
				);
				GCC_WARN_64_TO_32_BIT_CONVERSION = YES;
				GCC_WARN_ABOUT_RETURN_TYPE = YES_ERROR;
				GCC_WARN_UNDECLARED_SELECTOR = YES;
				GCC_WARN_UNINITIALIZED_AUTOS = YES_AGGRESSIVE;
				GCC_WARN_UNUSED_FUNCTION = YES;
				GCC_WARN_UNUSED_VARIABLE = YES;
				IPHONEOS_DEPLOYMENT_TARGET = 17.2;
				LOCALIZATION_PREFERS_STRING_CATALOGS = YES;
				MTL_ENABLE_DEBUG_INFO = INCLUDE_SOURCE;
				MTL_FAST_MATH = YES;
				ONLY_ACTIVE_ARCH = YES;
				SDKROOT = iphoneos;
				SWIFT_ACTIVE_COMPILATION_CONDITIONS = "DEBUG $(inherited)";
				SWIFT_OPTIMIZATION_LEVEL = "-Onone";
			};
			name = Debug;
		};
		C1CF648D2BB32FE900065410 /* Release */ = {
			isa = XCBuildConfiguration;
			buildSettings = {
				ALWAYS_SEARCH_USER_PATHS = NO;
				ASSETCATALOG_COMPILER_GENERATE_SWIFT_ASSET_SYMBOL_EXTENSIONS = YES;
				CLANG_ANALYZER_NONNULL = YES;
				CLANG_ANALYZER_NUMBER_OBJECT_CONVERSION = YES_AGGRESSIVE;
				CLANG_CXX_LANGUAGE_STANDARD = "gnu++20";
				CLANG_ENABLE_MODULES = YES;
				CLANG_ENABLE_OBJC_ARC = YES;
				CLANG_ENABLE_OBJC_WEAK = YES;
				CLANG_WARN_BLOCK_CAPTURE_AUTORELEASING = YES;
				CLANG_WARN_BOOL_CONVERSION = YES;
				CLANG_WARN_COMMA = YES;
				CLANG_WARN_CONSTANT_CONVERSION = YES;
				CLANG_WARN_DEPRECATED_OBJC_IMPLEMENTATIONS = YES;
				CLANG_WARN_DIRECT_OBJC_ISA_USAGE = YES_ERROR;
				CLANG_WARN_DOCUMENTATION_COMMENTS = YES;
				CLANG_WARN_EMPTY_BODY = YES;
				CLANG_WARN_ENUM_CONVERSION = YES;
				CLANG_WARN_INFINITE_RECURSION = YES;
				CLANG_WARN_INT_CONVERSION = YES;
				CLANG_WARN_NON_LITERAL_NULL_CONVERSION = YES;
				CLANG_WARN_OBJC_IMPLICIT_RETAIN_SELF = YES;
				CLANG_WARN_OBJC_LITERAL_CONVERSION = YES;
				CLANG_WARN_OBJC_ROOT_CLASS = YES_ERROR;
				CLANG_WARN_QUOTED_INCLUDE_IN_FRAMEWORK_HEADER = YES;
				CLANG_WARN_RANGE_LOOP_ANALYSIS = YES;
				CLANG_WARN_STRICT_PROTOTYPES = YES;
				CLANG_WARN_SUSPICIOUS_MOVE = YES;
				CLANG_WARN_UNGUARDED_AVAILABILITY = YES_AGGRESSIVE;
				CLANG_WARN_UNREACHABLE_CODE = YES;
				CLANG_WARN__DUPLICATE_METHOD_MATCH = YES;
				COPY_PHASE_STRIP = NO;
				DEBUG_INFORMATION_FORMAT = "dwarf-with-dsym";
				ENABLE_NS_ASSERTIONS = NO;
				ENABLE_STRICT_OBJC_MSGSEND = YES;
				ENABLE_USER_SCRIPT_SANDBOXING = YES;
				GCC_C_LANGUAGE_STANDARD = gnu17;
				GCC_NO_COMMON_BLOCKS = YES;
				GCC_WARN_64_TO_32_BIT_CONVERSION = YES;
				GCC_WARN_ABOUT_RETURN_TYPE = YES_ERROR;
				GCC_WARN_UNDECLARED_SELECTOR = YES;
				GCC_WARN_UNINITIALIZED_AUTOS = YES_AGGRESSIVE;
				GCC_WARN_UNUSED_FUNCTION = YES;
				GCC_WARN_UNUSED_VARIABLE = YES;
				IPHONEOS_DEPLOYMENT_TARGET = 17.2;
				LOCALIZATION_PREFERS_STRING_CATALOGS = YES;
				MTL_ENABLE_DEBUG_INFO = NO;
				MTL_FAST_MATH = YES;
				SDKROOT = iphoneos;
				SWIFT_COMPILATION_MODE = wholemodule;
				VALIDATE_PRODUCT = YES;
			};
			name = Release;
		};
		C1CF648F2BB32FE900065410 /* Debug */ = {
			isa = XCBuildConfiguration;
			buildSettings = {
				ASSETCATALOG_COMPILER_APPICON_NAME = AppIcon;
				ASSETCATALOG_COMPILER_GLOBAL_ACCENT_COLOR_NAME = AccentColor;
				CODE_SIGN_IDENTITY = "Apple Development";
				CODE_SIGN_STYLE = Automatic;
				CURRENT_PROJECT_VERSION = 1;
				DEVELOPMENT_ASSET_PATHS = "\"facedetector/Preview Content\"";
				DEVELOPMENT_TEAM = R88CDNMKLQ;
				ENABLE_PREVIEWS = YES;
				GENERATE_INFOPLIST_FILE = YES;
				INFOPLIST_FILE = facedetector/Info.plist;
				INFOPLIST_KEY_UIApplicationSceneManifest_Generation = YES;
				INFOPLIST_KEY_UIApplicationSupportsIndirectInputEvents = YES;
				INFOPLIST_KEY_UILaunchScreen_Generation = YES;
				INFOPLIST_KEY_UISupportedInterfaceOrientations_iPad = "UIInterfaceOrientationPortrait UIInterfaceOrientationPortraitUpsideDown UIInterfaceOrientationLandscapeLeft UIInterfaceOrientationLandscapeRight";
				INFOPLIST_KEY_UISupportedInterfaceOrientations_iPhone = "UIInterfaceOrientationPortrait UIInterfaceOrientationLandscapeLeft UIInterfaceOrientationLandscapeRight";
				LD_RUNPATH_SEARCH_PATHS = (
					"$(inherited)",
					"@executable_path/Frameworks",
				);
				MARKETING_VERSION = 1.0;
				PRODUCT_BUNDLE_IDENTIFIER = es.fernandosalom.vision.facetest;
				PRODUCT_NAME = "$(TARGET_NAME)";
				PROVISIONING_PROFILE_SPECIFIER = "";
				SWIFT_EMIT_LOC_STRINGS = YES;
				SWIFT_VERSION = 5.0;
				TARGETED_DEVICE_FAMILY = "1,2";
			};
			name = Debug;
		};
		C1CF64902BB32FE900065410 /* Release */ = {
			isa = XCBuildConfiguration;
			buildSettings = {
				ASSETCATALOG_COMPILER_APPICON_NAME = AppIcon;
				ASSETCATALOG_COMPILER_GLOBAL_ACCENT_COLOR_NAME = AccentColor;
				CODE_SIGN_IDENTITY = "Apple Development";
				CODE_SIGN_STYLE = Automatic;
				CURRENT_PROJECT_VERSION = 1;
				DEVELOPMENT_ASSET_PATHS = "\"facedetector/Preview Content\"";
				DEVELOPMENT_TEAM = R88CDNMKLQ;
				ENABLE_PREVIEWS = YES;
				GENERATE_INFOPLIST_FILE = YES;
				INFOPLIST_FILE = facedetector/Info.plist;
				INFOPLIST_KEY_UIApplicationSceneManifest_Generation = YES;
				INFOPLIST_KEY_UIApplicationSupportsIndirectInputEvents = YES;
				INFOPLIST_KEY_UILaunchScreen_Generation = YES;
				INFOPLIST_KEY_UISupportedInterfaceOrientations_iPad = "UIInterfaceOrientationPortrait UIInterfaceOrientationPortraitUpsideDown UIInterfaceOrientationLandscapeLeft UIInterfaceOrientationLandscapeRight";
				INFOPLIST_KEY_UISupportedInterfaceOrientations_iPhone = "UIInterfaceOrientationPortrait UIInterfaceOrientationLandscapeLeft UIInterfaceOrientationLandscapeRight";
				LD_RUNPATH_SEARCH_PATHS = (
					"$(inherited)",
					"@executable_path/Frameworks",
				);
				MARKETING_VERSION = 1.0;
				PRODUCT_BUNDLE_IDENTIFIER = es.fernandosalom.vision.facetest;
				PRODUCT_NAME = "$(TARGET_NAME)";
				PROVISIONING_PROFILE_SPECIFIER = "";
				SWIFT_EMIT_LOC_STRINGS = YES;
				SWIFT_VERSION = 5.0;
				TARGETED_DEVICE_FAMILY = "1,2";
			};
			name = Release;
		};
/* End XCBuildConfiguration section */

/* Begin XCConfigurationList section */
		C1CF647B2BB32FE600065410 /* Build configuration list for PBXProject "facedetector" */ = {
			isa = XCConfigurationList;
			buildConfigurations = (
				C1CF648C2BB32FE900065410 /* Debug */,
				C1CF648D2BB32FE900065410 /* Release */,
			);
			defaultConfigurationIsVisible = 0;
			defaultConfigurationName = Release;
		};
		C1CF648E2BB32FE900065410 /* Build configuration list for PBXNativeTarget "facedetector" */ = {
			isa = XCConfigurationList;
			buildConfigurations = (
				C1CF648F2BB32FE900065410 /* Debug */,
				C1CF64902BB32FE900065410 /* Release */,
			);
			defaultConfigurationIsVisible = 0;
			defaultConfigurationName = Release;
		};
/* End XCConfigurationList section */
	};
	rootObject = C1CF64782BB32FE600065410 /* Project object */;
}
